{
    "_readme": [
        "This file locks the dependencies of your project to a known state",
        "Read more about it at https://getcomposer.org/doc/01-basic-usage.md#installing-dependencies",
        "This file is @generated automatically"
    ],
    "content-hash": "df5687248c59547ff1172fd16f269d6c",
    "packages": [
        {
            "name": "zeroainet/zeroai-php",
            "version": "dev-master",
            "source": {
                "type": "git",
                "url": "https://github.com/zeroainet/zeroai-php.git",
                "reference": "d250c5ebd76fdf9acc60c22f429af5511b09b40b"
            },
            "dist": {
                "type": "zip",
                "url": "https://api.github.com/repos/zeroainet/zeroai-php/zipball/d250c5ebd76fdf9acc60c22f429af5511b09b40b",
                "reference": "d250c5ebd76fdf9acc60c22f429af5511b09b40b",
                "shasum": ""
            },
            "require": {
                "php": ">= 7.0.0"
            },
            "type": "project",
            "autoload": {
                "psr-4": {
                    "ZeroAI\\": "src/"
                }
            },
            "notification-url": "https://packagist.org/downloads/",
            "description": "a framework for php",
            "time": "2020-06-08T10:46:39+00:00"
        }
    ],
    "packages-dev": [],
    "aliases": [],
    "minimum-stability": "stable",
    "stability-flags": {
        "zeroainet/zeroai-php": 20
    },
    "prefer-stable": false,
    "prefer-lowest": false,
    "platform": [],
    "platform-dev": []
}
